// !$*UTF8*$!
{
	archiveVersion = 1;
	classes = {
	};
	objectVersion = 56;
	objects = {

/* Begin PBXBuildFile section */
		61BA44F63BCD410F51370B29 /* Pods_Kinopoisk.framework in Frameworks */ = {isa = PBXBuildFile; fileRef = 71F452E48E706CBF1CCC4AA2 /* Pods_Kinopoisk.framework */; };
		C7CA97682D3A9E6000FFE81F /* API.swift in Sources */ = {isa = PBXBuildFile; fileRef = C7CA97672D3A9E6000FFE81F /* API.swift */; };
		C7CA976A2D3AB1C000FFE81F /* FilmStruct.swift in Sources */ = {isa = PBXBuildFile; fileRef = C7CA97692D3AB1C000FFE81F /* FilmStruct.swift */; };
		C7D308BD2D3A7D62009D121F /* AppDelegate.swift in Sources */ = {isa = PBXBuildFile; fileRef = C7D308BC2D3A7D62009D121F /* AppDelegate.swift */; };
		C7D308BF2D3A7D62009D121F /* SceneDelegate.swift in Sources */ = {isa = PBXBuildFile; fileRef = C7D308BE2D3A7D62009D121F /* SceneDelegate.swift */; };
		C7D308C12D3A7D62009D121F /* ViewController.swift in Sources */ = {isa = PBXBuildFile; fileRef = C7D308C02D3A7D62009D121F /* ViewController.swift */; };
		C7D308C62D3A7D64009D121F /* Assets.xcassets in Resources */ = {isa = PBXBuildFile; fileRef = C7D308C52D3A7D64009D121F /* Assets.xcassets */; };
		C7D308C92D3A7D64009D121F /* Base in Resources */ = {isa = PBXBuildFile; fileRef = C7D308C82D3A7D64009D121F /* Base */; };
/* End PBXBuildFile section */

/* Begin PBXFileReference section */
		0B07FBDB53275528ECA118EA /* Pods-Kinopoisk.release.xcconfig */ = {isa = PBXFileReference; includeInIndex = 1; lastKnownFileType = text.xcconfig; name = "Pods-Kinopoisk.release.xcconfig"; path = "Target Support Files/Pods-Kinopoisk/Pods-Kinopoisk.release.xcconfig"; sourceTree = "<group>"; };
		69C85A1B24C53212C9F56BFF /* Pods-Kinopoisk.debug.xcconfig */ = {isa = PBXFileReference; includeInIndex = 1; lastKnownFileType = text.xcconfig; name = "Pods-Kinopoisk.debug.xcconfig"; path = "Target Support Files/Pods-Kinopoisk/Pods-Kinopoisk.debug.xcconfig"; sourceTree = "<group>"; };
		71F452E48E706CBF1CCC4AA2 /* Pods_Kinopoisk.framework */ = {isa = PBXFileReference; explicitFileType = wrapper.framework; includeInIndex = 0; path = Pods_Kinopoisk.framework; sourceTree = BUILT_PRODUCTS_DIR; };
		C7CA97672D3A9E6000FFE81F /* API.swift */ = {isa = PBXFileReference; lastKnownFileType = sourcecode.swift; path = API.swift; sourceTree = "<group>"; };
		C7CA97692D3AB1C000FFE81F /* FilmStruct.swift */ = {isa = PBXFileReference; lastKnownFileType = sourcecode.swift; path = FilmStruct.swift; sourceTree = "<group>"; };
		C7D308B92D3A7D62009D121F /* Kinopoisk.app */ = {isa = PBXFileReference; explicitFileType = wrapper.application; includeInIndex = 0; path = Kinopoisk.app; sourceTree = BUILT_PRODUCTS_DIR; };
		C7D308BC2D3A7D62009D121F /* AppDelegate.swift */ = {isa = PBXFileReference; lastKnownFileType = sourcecode.swift; path = AppDelegate.swift; sourceTree = "<group>"; };
		C7D308BE2D3A7D62009D121F /* SceneDelegate.swift */ = {isa = PBXFileReference; lastKnownFileType = sourcecode.swift; path = SceneDelegate.swift; sourceTree = "<group>"; };
		C7D308C02D3A7D62009D121F /* ViewController.swift */ = {isa = PBXFileReference; lastKnownFileType = sourcecode.swift; path = ViewController.swift; sourceTree = "<group>"; };
		C7D308C52D3A7D64009D121F /* Assets.xcassets */ = {isa = PBXFileReference; lastKnownFileType = folder.assetcatalog; path = Assets.xcassets; sourceTree = "<group>"; };
		C7D308C82D3A7D64009D121F /* Base */ = {isa = PBXFileReference; lastKnownFileType = file.storyboard; name = Base; path = Base.lproj/LaunchScreen.storyboard; sourceTree = "<group>"; };
		C7D308CA2D3A7D64009D121F /* Info.plist */ = {isa = PBXFileReference; lastKnownFileType = text.plist.xml; path = Info.plist; sourceTree = "<group>"; };
/* End PBXFileReference section */

/* Begin PBXFrameworksBuildPhase section */
		C7D308B62D3A7D62009D121F /* Frameworks */ = {
			isa = PBXFrameworksBuildPhase;
			buildActionMask = 2147483647;
			files = (
				61BA44F63BCD410F51370B29 /* Pods_Kinopoisk.framework in Frameworks */,
			);
			runOnlyForDeploymentPostprocessing = 0;
		};
/* End PBXFrameworksBuildPhase section */

/* Begin PBXGroup section */
		7E80515E053156DF94C6E92D /* Pods */ = {
			isa = PBXGroup;
			children = (
				69C85A1B24C53212C9F56BFF /* Pods-Kinopoisk.debug.xcconfig */,
				0B07FBDB53275528ECA118EA /* Pods-Kinopoisk.release.xcconfig */,
			);
			path = Pods;
			sourceTree = "<group>";
		};
		C7D308B02D3A7D62009D121F = {
			isa = PBXGroup;
			children = (
				C7D308BB2D3A7D62009D121F /* Kinopoisk */,
				C7D308BA2D3A7D62009D121F /* Products */,
				7E80515E053156DF94C6E92D /* Pods */,
				E3AA33CD066C1AF97BC59D58 /* Frameworks */,
			);
			sourceTree = "<group>";
		};
		C7D308BA2D3A7D62009D121F /* Products */ = {
			isa = PBXGroup;
			children = (
				C7D308B92D3A7D62009D121F /* Kinopoisk.app */,
			);
			name = Products;
			sourceTree = "<group>";
		};
		C7D308BB2D3A7D62009D121F /* Kinopoisk */ = {
			isa = PBXGroup;
			children = (
				C7D308BC2D3A7D62009D121F /* AppDelegate.swift */,
				C7D308BE2D3A7D62009D121F /* SceneDelegate.swift */,
				C7D308C02D3A7D62009D121F /* ViewController.swift */,
				C7D308C52D3A7D64009D121F /* Assets.xcassets */,
				C7D308C72D3A7D64009D121F /* LaunchScreen.storyboard */,
				C7D308CA2D3A7D64009D121F /* Info.plist */,
				C7CA97672D3A9E6000FFE81F /* API.swift */,
				C7CA97692D3AB1C000FFE81F /* FilmStruct.swift */,
			);
			path = Kinopoisk;
			sourceTree = "<group>";
		};
		E3AA33CD066C1AF97BC59D58 /* Frameworks */ = {
			isa = PBXGroup;
			children = (
				71F452E48E706CBF1CCC4AA2 /* Pods_Kinopoisk.framework */,
			);
			name = Frameworks;
			sourceTree = "<group>";
		};
/* End PBXGroup section */

/* Begin PBXNativeTarget section */
		C7D308B82D3A7D62009D121F /* Kinopoisk */ = {
			isa = PBXNativeTarget;
			buildConfigurationList = C7D308CD2D3A7D64009D121F /* Build configuration list for PBXNativeTarget "Kinopoisk" */;
			buildPhases = (
				2C61C2EB115772DAF47350BA /* [CP] Check Pods Manifest.lock */,
				C7D308B52D3A7D62009D121F /* Sources */,
				C7D308B62D3A7D62009D121F /* Frameworks */,
				C7D308B72D3A7D62009D121F /* Resources */,
				E3F28118A25A5DED4DFDA47A /* [CP] Embed Pods Frameworks */,
			);
			buildRules = (
			);
			dependencies = (
			);
			name = Kinopoisk;
			productName = Kinopoisk;
			productReference = C7D308B92D3A7D62009D121F /* Kinopoisk.app */;
			productType = "com.apple.product-type.application";
		};
/* End PBXNativeTarget section */

/* Begin PBXProject section */
		C7D308B12D3A7D62009D121F /* Project object */ = {
			isa = PBXProject;
			attributes = {
				BuildIndependentTargetsInParallel = 1;
				LastSwiftUpdateCheck = 1540;
				LastUpgradeCheck = 1540;
				TargetAttributes = {
					C7D308B82D3A7D62009D121F = {
						CreatedOnToolsVersion = 15.4;
					};
				};
			};
			buildConfigurationList = C7D308B42D3A7D62009D121F /* Build configuration list for PBXProject "Kinopoisk" */;
			compatibilityVersion = "Xcode 14.0";
			developmentRegion = en;
			hasScannedForEncodings = 0;
			knownRegions = (
				en,
				Base,
			);
			mainGroup = C7D308B02D3A7D62009D121F;
			productRefGroup = C7D308BA2D3A7D62009D121F /* Products */;
			projectDirPath = "";
			projectRoot = "";
			targets = (
				C7D308B82D3A7D62009D121F /* Kinopoisk */,
			);
		};
/* End PBXProject section */

/* Begin PBXResourcesBuildPhase section */
		C7D308B72D3A7D62009D121F /* Resources */ = {
			isa = PBXResourcesBuildPhase;
			buildActionMask = 2147483647;
			files = (
				C7D308C62D3A7D64009D121F /* Assets.xcassets in Resources */,
				C7D308C92D3A7D64009D121F /* Base in Resources */,
			);
			runOnlyForDeploymentPostprocessing = 0;
		};
/* End PBXResourcesBuildPhase section */

/* Begin PBXShellScriptBuildPhase section */
		2C61C2EB115772DAF47350BA /* [CP] Check Pods Manifest.lock */ = {
			isa = PBXShellScriptBuildPhase;
			buildActionMask = 2147483647;
			files = (
			);
			inputFileListPaths = (
			);
			inputPaths = (
				"${PODS_PODFILE_DIR_PATH}/Podfile.lock",
				"${PODS_ROOT}/Manifest.lock",
			);
			name = "[CP] Check Pods Manifest.lock";
			outputFileListPaths = (
			);
			outputPaths = (
				"$(DERIVED_FILE_DIR)/Pods-Kinopoisk-checkManifestLockResult.txt",
			);
			runOnlyForDeploymentPostprocessing = 0;
			shellPath = /bin/sh;
			shellScript = "diff \"${PODS_PODFILE_DIR_PATH}/Podfile.lock\" \"${PODS_ROOT}/Manifest.lock\" > /dev/null\nif [ $? != 0 ] ; then\n    # print error to STDERR\n    echo \"error: The sandbox is not in sync with the Podfile.lock. Run 'pod install' or update your CocoaPods installation.\" >&2\n    exit 1\nfi\n# This output is used by Xcode 'outputs' to avoid re-running this script phase.\necho \"SUCCESS\" > \"${SCRIPT_OUTPUT_FILE_0}\"\n";
			showEnvVarsInLog = 0;
		};
		E3F28118A25A5DED4DFDA47A /* [CP] Embed Pods Frameworks */ = {
			isa = PBXShellScriptBuildPhase;
			buildActionMask = 2147483647;
			files = (
			);
			inputFileListPaths = (
				"${PODS_ROOT}/Target Support Files/Pods-Kinopoisk/Pods-Kinopoisk-frameworks-${CONFIGURATION}-input-files.xcfilelist",
			);
			name = "[CP] Embed Pods Frameworks";
			outputFileListPaths = (
				"${PODS_ROOT}/Target Support Files/Pods-Kinopoisk/Pods-Kinopoisk-frameworks-${CONFIGURATION}-output-files.xcfilelist",
			);
			runOnlyForDeploymentPostprocessing = 0;
			shellPath = /bin/sh;
			shellScript = "\"${PODS_ROOT}/Target Support Files/Pods-Kinopoisk/Pods-Kinopoisk-frameworks.sh\"\n";
			showEnvVarsInLog = 0;
		};
/* End PBXShellScriptBuildPhase section */

/* Begin PBXSourcesBuildPhase section */
		C7D308B52D3A7D62009D121F /* Sources */ = {
			isa = PBXSourcesBuildPhase;
			buildActionMask = 2147483647;
			files = (
				C7CA976A2D3AB1C000FFE81F /* FilmStruct.swift in Sources */,
				C7D308C12D3A7D62009D121F /* ViewController.swift in Sources */,
				C7D308BD2D3A7D62009D121F /* AppDelegate.swift in Sources */,
				C7CA97682D3A9E6000FFE81F /* API.swift in Sources */,
				C7D308BF2D3A7D62009D121F /* SceneDelegate.swift in Sources */,
			);
			runOnlyForDeploymentPostprocessing = 0;
		};
/* End PBXSourcesBuildPhase section */

/* Begin PBXVariantGroup section */
		C7D308C72D3A7D64009D121F /* LaunchScreen.storyboard */ = {
			isa = PBXVariantGroup;
			children = (
				C7D308C82D3A7D64009D121F /* Base */,
			);
			name = LaunchScreen.storyboard;
			sourceTree = "<group>";
		};
/* End PBXVariantGroup section */

/* Begin XCBuildConfiguration section */
		C7D308CB2D3A7D64009D121F /* Debug */ = {
			isa = XCBuildConfiguration;
			buildSettings = {
				ALWAYS_SEARCH_USER_PATHS = NO;
				ASSETCATALOG_COMPILER_GENERATE_SWIFT_ASSET_SYMBOL_EXTENSIONS = YES;
				CLANG_ANALYZER_NONNULL = YES;
				CLANG_ANALYZER_NUMBER_OBJECT_CONVERSION = YES_AGGRESSIVE;
				CLANG_CXX_LANGUAGE_STANDARD = "gnu++20";
				CLANG_ENABLE_MODULES = YES;
				CLANG_ENABLE_OBJC_ARC = YES;
				CLANG_ENABLE_OBJC_WEAK = YES;
				CLANG_WARN_BLOCK_CAPTURE_AUTORELEASING = YES;
				CLANG_WARN_BOOL_CONVERSION = YES;
				CLANG_WARN_COMMA = YES;
				CLANG_WARN_CONSTANT_CONVERSION = YES;
				CLANG_WARN_DEPRECATED_OBJC_IMPLEMENTATIONS = YES;
				CLANG_WARN_DIRECT_OBJC_ISA_USAGE = YES_ERROR;
				CLANG_WARN_DOCUMENTATION_COMMENTS = YES;
				CLANG_WARN_EMPTY_BODY = YES;
				CLANG_WARN_ENUM_CONVERSION = YES;
				CLANG_WARN_INFINITE_RECURSION = YES;
				CLANG_WARN_INT_CONVERSION = YES;
				CLANG_WARN_NON_LITERAL_NULL_CONVERSION = YES;
				CLANG_WARN_OBJC_IMPLICIT_RETAIN_SELF = YES;
				CLANG_WARN_OBJC_LITERAL_CONVERSION = YES;
				CLANG_WARN_OBJC_ROOT_CLASS = YES_ERROR;
				CLANG_WARN_QUOTED_INCLUDE_IN_FRAMEWORK_HEADER = YES;
				CLANG_WARN_RANGE_LOOP_ANALYSIS = YES;
				CLANG_WARN_STRICT_PROTOTYPES = YES;
				CLANG_WARN_SUSPICIOUS_MOVE = YES;
				CLANG_WARN_UNGUARDED_AVAILABILITY = YES_AGGRESSIVE;
				CLANG_WARN_UNREACHABLE_CODE = YES;
				CLANG_WARN__DUPLICATE_METHOD_MATCH = YES;
				COPY_PHASE_STRIP = NO;
				DEBUG_INFORMATION_FORMAT = dwarf;
				ENABLE_STRICT_OBJC_MSGSEND = YES;
				ENABLE_TESTABILITY = YES;
				ENABLE_USER_SCRIPT_SANDBOXING = YES;
				GCC_C_LANGUAGE_STANDARD = gnu17;
				GCC_DYNAMIC_NO_PIC = NO;
				GCC_NO_COMMON_BLOCKS = YES;
				GCC_OPTIMIZATION_LEVEL = 0;
				GCC_PREPROCESSOR_DEFINITIONS = (
					"DEBUG=1",
					"$(inherited)",
				);
				GCC_WARN_64_TO_32_BIT_CONVERSION = YES;
				GCC_WARN_ABOUT_RETURN_TYPE = YES_ERROR;
				GCC_WARN_UNDECLARED_SELECTOR = YES;
				GCC_WARN_UNINITIALIZED_AUTOS = YES_AGGRESSIVE;
				GCC_WARN_UNUSED_FUNCTION = YES;
				GCC_WARN_UNUSED_VARIABLE = YES;
				IPHONEOS_DEPLOYMENT_TARGET = 17.5;
				LOCALIZATION_PREFERS_STRING_CATALOGS = YES;
				MTL_ENABLE_DEBUG_INFO = INCLUDE_SOURCE;
				MTL_FAST_MATH = YES;
				ONLY_ACTIVE_ARCH = YES;
				SDKROOT = iphoneos;
				SWIFT_ACTIVE_COMPILATION_CONDITIONS = "DEBUG $(inherited)";
				SWIFT_OPTIMIZATION_LEVEL = "-Onone";
			};
			name = Debug;
		};
		C7D308CC2D3A7D64009D121F /* Release */ = {
			isa = XCBuildConfiguration;
			buildSettings = {
				ALWAYS_SEARCH_USER_PATHS = NO;
				ASSETCATALOG_COMPILER_GENERATE_SWIFT_ASSET_SYMBOL_EXTENSIONS = YES;
				CLANG_ANALYZER_NONNULL = YES;
				CLANG_ANALYZER_NUMBER_OBJECT_CONVERSION = YES_AGGRESSIVE;
				CLANG_CXX_LANGUAGE_STANDARD = "gnu++20";
				CLANG_ENABLE_MODULES = YES;
				CLANG_ENABLE_OBJC_ARC = YES;
				CLANG_ENABLE_OBJC_WEAK = YES;
				CLANG_WARN_BLOCK_CAPTURE_AUTORELEASING = YES;
				CLANG_WARN_BOOL_CONVERSION = YES;
				CLANG_WARN_COMMA = YES;
				CLANG_WARN_CONSTANT_CONVERSION = YES;
				CLANG_WARN_DEPRECATED_OBJC_IMPLEMENTATIONS = YES;
				CLANG_WARN_DIRECT_OBJC_ISA_USAGE = YES_ERROR;
				CLANG_WARN_DOCUMENTATION_COMMENTS = YES;
				CLANG_WARN_EMPTY_BODY = YES;
				CLANG_WARN_ENUM_CONVERSION = YES;
				CLANG_WARN_INFINITE_RECURSION = YES;
				CLANG_WARN_INT_CONVERSION = YES;
				CLANG_WARN_NON_LITERAL_NULL_CONVERSION = YES;
				CLANG_WARN_OBJC_IMPLICIT_RETAIN_SELF = YES;
				CLANG_WARN_OBJC_LITERAL_CONVERSION = YES;
				CLANG_WARN_OBJC_ROOT_CLASS = YES_ERROR;
				CLANG_WARN_QUOTED_INCLUDE_IN_FRAMEWORK_HEADER = YES;
				CLANG_WARN_RANGE_LOOP_ANALYSIS = YES;
				CLANG_WARN_STRICT_PROTOTYPES = YES;
				CLANG_WARN_SUSPICIOUS_MOVE = YES;
				CLANG_WARN_UNGUARDED_AVAILABILITY = YES_AGGRESSIVE;
				CLANG_WARN_UNREACHABLE_CODE = YES;
				CLANG_WARN__DUPLICATE_METHOD_MATCH = YES;
				COPY_PHASE_STRIP = NO;
				DEBUG_INFORMATION_FORMAT = "dwarf-with-dsym";
				ENABLE_NS_ASSERTIONS = NO;
				ENABLE_STRICT_OBJC_MSGSEND = YES;
				ENABLE_USER_SCRIPT_SANDBOXING = YES;
				GCC_C_LANGUAGE_STANDARD = gnu17;
				GCC_NO_COMMON_BLOCKS = YES;
				GCC_WARN_64_TO_32_BIT_CONVERSION = YES;
				GCC_WARN_ABOUT_RETURN_TYPE = YES_ERROR;
				GCC_WARN_UNDECLARED_SELECTOR = YES;
				GCC_WARN_UNINITIALIZED_AUTOS = YES_AGGRESSIVE;
				GCC_WARN_UNUSED_FUNCTION = YES;
				GCC_WARN_UNUSED_VARIABLE = YES;
				IPHONEOS_DEPLOYMENT_TARGET = 17.5;
				LOCALIZATION_PREFERS_STRING_CATALOGS = YES;
				MTL_ENABLE_DEBUG_INFO = NO;
				MTL_FAST_MATH = YES;
				SDKROOT = iphoneos;
				SWIFT_COMPILATION_MODE = wholemodule;
				VALIDATE_PRODUCT = YES;
			};
			name = Release;
		};
		C7D308CE2D3A7D64009D121F /* Debug */ = {
			isa = XCBuildConfiguration;
			baseConfigurationReference = 69C85A1B24C53212C9F56BFF /* Pods-Kinopoisk.debug.xcconfig */;
			buildSettings = {
				ASSETCATALOG_COMPILER_APPICON_NAME = AppIcon;
				ASSETCATALOG_COMPILER_GLOBAL_ACCENT_COLOR_NAME = AccentColor;
				CODE_SIGN_STYLE = Automatic;
				CURRENT_PROJECT_VERSION = 1;
				ENABLE_USER_SCRIPT_SANDBOXING = NO;
				GENERATE_INFOPLIST_FILE = YES;
				INFOPLIST_FILE = Kinopoisk/Info.plist;
				INFOPLIST_KEY_UIApplicationSupportsIndirectInputEvents = YES;
				INFOPLIST_KEY_UILaunchStoryboardName = LaunchScreen;
				INFOPLIST_KEY_UISupportedInterfaceOrientations_iPad = "UIInterfaceOrientationPortrait UIInterfaceOrientationPortraitUpsideDown UIInterfaceOrientationLandscapeLeft UIInterfaceOrientationLandscapeRight";
				INFOPLIST_KEY_UISupportedInterfaceOrientations_iPhone = "UIInterfaceOrientationPortrait UIInterfaceOrientationLandscapeLeft UIInterfaceOrientationLandscapeRight";
				LD_RUNPATH_SEARCH_PATHS = (
					"$(inherited)",
					"@executable_path/Frameworks",
				);
				MARKETING_VERSION = 1.0;
				PRODUCT_BUNDLE_IDENTIFIER = koda.Kinopoisk;
				PRODUCT_NAME = "$(TARGET_NAME)";
				SWIFT_EMIT_LOC_STRINGS = YES;
				SWIFT_VERSION = 5.0;
				TARGETED_DEVICE_FAMILY = "1,2";
			};
			name = Debug;
		};
		C7D308CF2D3A7D64009D121F /* Release */ = {
			isa = XCBuildConfiguration;
			baseConfigurationReference = 0B07FBDB53275528ECA118EA /* Pods-Kinopoisk.release.xcconfig */;
			buildSettings = {
				ASSETCATALOG_COMPILER_APPICON_NAME = AppIcon;
				ASSETCATALOG_COMPILER_GLOBAL_ACCENT_COLOR_NAME = AccentColor;
				CODE_SIGN_STYLE = Automatic;
				CURRENT_PROJECT_VERSION = 1;
				ENABLE_USER_SCRIPT_SANDBOXING = NO;
				GENERATE_INFOPLIST_FILE = YES;
				INFOPLIST_FILE = Kinopoisk/Info.plist;
				INFOPLIST_KEY_UIApplicationSupportsIndirectInputEvents = YES;
				INFOPLIST_KEY_UILaunchStoryboardName = LaunchScreen;
				INFOPLIST_KEY_UISupportedInterfaceOrientations_iPad = "UIInterfaceOrientationPortrait UIInterfaceOrientationPortraitUpsideDown UIInterfaceOrientationLandscapeLeft UIInterfaceOrientationLandscapeRight";
				INFOPLIST_KEY_UISupportedInterfaceOrientations_iPhone = "UIInterfaceOrientationPortrait UIInterfaceOrientationLandscapeLeft UIInterfaceOrientationLandscapeRight";
				LD_RUNPATH_SEARCH_PATHS = (
					"$(inherited)",
					"@executable_path/Frameworks",
				);
				MARKETING_VERSION = 1.0;
				PRODUCT_BUNDLE_IDENTIFIER = koda.Kinopoisk;
				PRODUCT_NAME = "$(TARGET_NAME)";
				SWIFT_EMIT_LOC_STRINGS = YES;
				SWIFT_VERSION = 5.0;
				TARGETED_DEVICE_FAMILY = "1,2";
			};
			name = Release;
		};
/* End XCBuildConfiguration section */

/* Begin XCConfigurationList section */
		C7D308B42D3A7D62009D121F /* Build configuration list for PBXProject "Kinopoisk" */ = {
			isa = XCConfigurationList;
			buildConfigurations = (
				C7D308CB2D3A7D64009D121F /* Debug */,
				C7D308CC2D3A7D64009D121F /* Release */,
			);
			defaultConfigurationIsVisible = 0;
			defaultConfigurationName = Release;
		};
		C7D308CD2D3A7D64009D121F /* Build configuration list for PBXNativeTarget "Kinopoisk" */ = {
			isa = XCConfigurationList;
			buildConfigurations = (
				C7D308CE2D3A7D64009D121F /* Debug */,
				C7D308CF2D3A7D64009D121F /* Release */,
			);
			defaultConfigurationIsVisible = 0;
			defaultConfigurationName = Release;
		};
/* End XCConfigurationList section */
	};
	rootObject = C7D308B12D3A7D62009D121F /* Project object */;
}
